// !$*UTF8*$!
{
	archiveVersion = 1;
	classes = {
	};
	objectVersion = 48;
	objects = {

/* Begin PBXBuildFile section */
		3E0D2BD01FDDF24000E16750 /* CategoriesViewController.swift in Sources */ = {isa = PBXBuildFile; fileRef = 3E0D2BCF1FDDF24000E16750 /* CategoriesViewController.swift */; };
		3E0D2BD21FDDFD7F00E16750 /* CustomTabBar.swift in Sources */ = {isa = PBXBuildFile; fileRef = 3E0D2BD11FDDFD7E00E16750 /* CustomTabBar.swift */; };
		3E0D2BD41FDE078000E16750 /* ServiceProvidersListViewController.swift in Sources */ = {isa = PBXBuildFile; fileRef = 3E0D2BD31FDE077F00E16750 /* ServiceProvidersListViewController.swift */; };
		3E438A401FE0CB26001459F7 /* TimeSlot.swift in Sources */ = {isa = PBXBuildFile; fileRef = 3E438A3F1FE0CB26001459F7 /* TimeSlot.swift */; };
		3E5DC8C71FE10BC000B502CA /* Appointment.swift in Sources */ = {isa = PBXBuildFile; fileRef = 3E5DC8C61FE10BC000B502CA /* Appointment.swift */; };
		3E6237C41FE0F11F00BC9699 /* NewAppointmentViewController.swift in Sources */ = {isa = PBXBuildFile; fileRef = 3E6237C31FE0F11F00BC9699 /* NewAppointmentViewController.swift */; };
		3E6237C61FE0F61D00BC9699 /* DateHelper.swift in Sources */ = {isa = PBXBuildFile; fileRef = 3E6237C51FE0F61D00BC9699 /* DateHelper.swift */; };
		3E62BC661FE1DF2500D4B339 /* NewApptTableViewController.swift in Sources */ = {isa = PBXBuildFile; fileRef = 3E62BC651FE1DF2500D4B339 /* NewApptTableViewController.swift */; };
		3E62BC681FE1E72900D4B339 /* TimeSlotsCVC.swift in Sources */ = {isa = PBXBuildFile; fileRef = 3E62BC671FE1E72800D4B339 /* TimeSlotsCVC.swift */; };
		3E62BC6A1FE1E9AA00D4B339 /* TimeSlotCell.swift in Sources */ = {isa = PBXBuildFile; fileRef = 3E62BC691FE1E9A900D4B339 /* TimeSlotCell.swift */; };
		3E7456B21FE21AD300ACF552 /* AppointmentCell.swift in Sources */ = {isa = PBXBuildFile; fileRef = 3E7456B11FE21AD300ACF552 /* AppointmentCell.swift */; };
		3E808BDE1FD2745B0079E83F /* AppDelegate.swift in Sources */ = {isa = PBXBuildFile; fileRef = 3E808BDD1FD2745B0079E83F /* AppDelegate.swift */; };
		3E808BE51FD2745B0079E83F /* Main.storyboard in Resources */ = {isa = PBXBuildFile; fileRef = 3E808BE31FD2745B0079E83F /* Main.storyboard */; };
		3E808BE71FD2745B0079E83F /* Assets.xcassets in Resources */ = {isa = PBXBuildFile; fileRef = 3E808BE61FD2745B0079E83F /* Assets.xcassets */; };
		3E808BEA1FD2745B0079E83F /* LaunchScreen.storyboard in Resources */ = {isa = PBXBuildFile; fileRef = 3E808BE81FD2745B0079E83F /* LaunchScreen.storyboard */; };
		3E808BF51FD2745B0079E83F /* Appointment_LookupTests.swift in Sources */ = {isa = PBXBuildFile; fileRef = 3E808BF41FD2745B0079E83F /* Appointment_LookupTests.swift */; };
		3E808C001FD2745B0079E83F /* Appointment_LookupUITests.swift in Sources */ = {isa = PBXBuildFile; fileRef = 3E808BFF1FD2745B0079E83F /* Appointment_LookupUITests.swift */; };
		3EA015BA1FD4A6F4000AC28D /* GoogleService-Info.plist in Resources */ = {isa = PBXBuildFile; fileRef = 3EA015B91FD4A6F4000AC28D /* GoogleService-Info.plist */; };
		3EA144D41FD4FA900020FA2D /* BusinessUser.swift in Sources */ = {isa = PBXBuildFile; fileRef = 3EA144D31FD4FA900020FA2D /* BusinessUser.swift */; };
		3EA5858E1FE0B1FD0047CE39 /* TimeSlotTableViewCell.swift in Sources */ = {isa = PBXBuildFile; fileRef = 3EA5858D1FE0B1FD0047CE39 /* TimeSlotTableViewCell.swift */; };
		3EAFD4D51FE22AAA00E03ED4 /* AppointmentDetailViewController.swift in Sources */ = {isa = PBXBuildFile; fileRef = 3EAFD4D41FE22AAA00E03ED4 /* AppointmentDetailViewController.swift */; };
		3ECD46031FD4BFC3001B5FD2 /* ViewController.swift in Sources */ = {isa = PBXBuildFile; fileRef = 3ECD46021FD4BFC3001B5FD2 /* ViewController.swift */; };
		3ECD460A1FD4C2DC001B5FD2 /* PasswordController.swift in Sources */ = {isa = PBXBuildFile; fileRef = 3ECD46061FD4C2DC001B5FD2 /* PasswordController.swift */; };
		3ECD460B1FD4C2DC001B5FD2 /* About.swift in Sources */ = {isa = PBXBuildFile; fileRef = 3ECD46071FD4C2DC001B5FD2 /* About.swift */; };
		3ECD460C1FD4C2DC001B5FD2 /* RegisterController.swift in Sources */ = {isa = PBXBuildFile; fileRef = 3ECD46081FD4C2DC001B5FD2 /* RegisterController.swift */; };
		3ECD46101FD4CD2F001B5FD2 /* RegisterBusinessController.swift in Sources */ = {isa = PBXBuildFile; fileRef = 3ECD460F1FD4CD2E001B5FD2 /* RegisterBusinessController.swift */; };
		3EFB49A51FDE21D40004A1A0 /* CalendarViewController.swift in Sources */ = {isa = PBXBuildFile; fileRef = 3EFB49A41FDE21D40004A1A0 /* CalendarViewController.swift */; };
		3EFB49AF1FDE224F0004A1A0 /* CalendarDayCell.swift in Sources */ = {isa = PBXBuildFile; fileRef = 3EFB49A91FDE224F0004A1A0 /* CalendarDayCell.swift */; };
		3EFB49C51FDE265A0004A1A0 /* DateFormatters.swift in Sources */ = {isa = PBXBuildFile; fileRef = 3EFB49C21FDE26590004A1A0 /* DateFormatters.swift */; };
		3EFB49C61FDE265A0004A1A0 /* TimeSlotFormatter.swift in Sources */ = {isa = PBXBuildFile; fileRef = 3EFB49C31FDE265A0004A1A0 /* TimeSlotFormatter.swift */; };
		3EFB49C71FDE265A0004A1A0 /* TimeSlotter.swift in Sources */ = {isa = PBXBuildFile; fileRef = 3EFB49C41FDE265A0004A1A0 /* TimeSlotter.swift */; };
		3EFB49E51FDF8C6F0004A1A0 /* FirebaseHelper.swift in Sources */ = {isa = PBXBuildFile; fileRef = 3EFB49E41FDF8C6F0004A1A0 /* FirebaseHelper.swift */; };
		3EFB49E71FDF9F290004A1A0 /* TimeSlotViewController.swift in Sources */ = {isa = PBXBuildFile; fileRef = 3EFB49E61FDF9F290004A1A0 /* TimeSlotViewController.swift */; };
		4F6D4B1FB1B40BC174FED054 /* Pods_Appointment_LookupTests.framework in Frameworks */ = {isa = PBXBuildFile; fileRef = 4FF03F1893DA2517ABB4902A /* Pods_Appointment_LookupTests.framework */; };
		BF29D4B5482556DB5A2AE8F2 /* Pods_Appointment_Lookup.framework in Frameworks */ = {isa = PBXBuildFile; fileRef = 16A6A73598A15DCB22A81E12 /* Pods_Appointment_Lookup.framework */; };
		EFD95C5642025EFC8697EB92 /* Pods_Appointment_LookupUITests.framework in Frameworks */ = {isa = PBXBuildFile; fileRef = 7E210D055D509BCD01A76ABD /* Pods_Appointment_LookupUITests.framework */; };
/* End PBXBuildFile section */

/* Begin PBXContainerItemProxy section */
		3E808BF11FD2745B0079E83F /* PBXContainerItemProxy */ = {
			isa = PBXContainerItemProxy;
			containerPortal = 3E808BD21FD2745B0079E83F /* Project object */;
			proxyType = 1;
			remoteGlobalIDString = 3E808BD91FD2745B0079E83F;
			remoteInfo = "Appointment Lookup";
		};
		3E808BFC1FD2745B0079E83F /* PBXContainerItemProxy */ = {
			isa = PBXContainerItemProxy;
			containerPortal = 3E808BD21FD2745B0079E83F /* Project object */;
			proxyType = 1;
			remoteGlobalIDString = 3E808BD91FD2745B0079E83F;
			remoteInfo = "Appointment Lookup";
		};
/* End PBXContainerItemProxy section */

/* Begin PBXFileReference section */
		0469D5FDFA4377EBF6A51C3E /* Pods-Appointment LookupUITests.release.xcconfig */ = {isa = PBXFileReference; includeInIndex = 1; lastKnownFileType = text.xcconfig; name = "Pods-Appointment LookupUITests.release.xcconfig"; path = "Pods/Target Support Files/Pods-Appointment LookupUITests/Pods-Appointment LookupUITests.release.xcconfig"; sourceTree = "<group>"; };
		16A6A73598A15DCB22A81E12 /* Pods_Appointment_Lookup.framework */ = {isa = PBXFileReference; explicitFileType = wrapper.framework; includeInIndex = 0; path = Pods_Appointment_Lookup.framework; sourceTree = BUILT_PRODUCTS_DIR; };
		184DC0F6279864E7C321F08F /* Pods-Appointment LookupTests.release.xcconfig */ = {isa = PBXFileReference; includeInIndex = 1; lastKnownFileType = text.xcconfig; name = "Pods-Appointment LookupTests.release.xcconfig"; path = "Pods/Target Support Files/Pods-Appointment LookupTests/Pods-Appointment LookupTests.release.xcconfig"; sourceTree = "<group>"; };
		3E0D2BCF1FDDF24000E16750 /* CategoriesViewController.swift */ = {isa = PBXFileReference; fileEncoding = 4; lastKnownFileType = sourcecode.swift; path = CategoriesViewController.swift; sourceTree = "<group>"; };
		3E0D2BD11FDDFD7E00E16750 /* CustomTabBar.swift */ = {isa = PBXFileReference; fileEncoding = 4; lastKnownFileType = sourcecode.swift; path = CustomTabBar.swift; sourceTree = "<group>"; };
		3E0D2BD31FDE077F00E16750 /* ServiceProvidersListViewController.swift */ = {isa = PBXFileReference; fileEncoding = 4; lastKnownFileType = sourcecode.swift; path = ServiceProvidersListViewController.swift; sourceTree = "<group>"; };
		3E438A3F1FE0CB26001459F7 /* TimeSlot.swift */ = {isa = PBXFileReference; lastKnownFileType = sourcecode.swift; path = TimeSlot.swift; sourceTree = "<group>"; };
		3E5DC8C61FE10BC000B502CA /* Appointment.swift */ = {isa = PBXFileReference; lastKnownFileType = sourcecode.swift; path = Appointment.swift; sourceTree = "<group>"; };
		3E6237C31FE0F11F00BC9699 /* NewAppointmentViewController.swift */ = {isa = PBXFileReference; lastKnownFileType = sourcecode.swift; path = NewAppointmentViewController.swift; sourceTree = "<group>"; };
		3E6237C51FE0F61D00BC9699 /* DateHelper.swift */ = {isa = PBXFileReference; lastKnownFileType = sourcecode.swift; path = DateHelper.swift; sourceTree = "<group>"; };
		3E62BC651FE1DF2500D4B339 /* NewApptTableViewController.swift */ = {isa = PBXFileReference; fileEncoding = 4; lastKnownFileType = sourcecode.swift; path = NewApptTableViewController.swift; sourceTree = "<group>"; };
		3E62BC671FE1E72800D4B339 /* TimeSlotsCVC.swift */ = {isa = PBXFileReference; fileEncoding = 4; lastKnownFileType = sourcecode.swift; path = TimeSlotsCVC.swift; sourceTree = "<group>"; };
		3E62BC691FE1E9A900D4B339 /* TimeSlotCell.swift */ = {isa = PBXFileReference; fileEncoding = 4; lastKnownFileType = sourcecode.swift; path = TimeSlotCell.swift; sourceTree = "<group>"; };
		3E7456B11FE21AD300ACF552 /* AppointmentCell.swift */ = {isa = PBXFileReference; lastKnownFileType = sourcecode.swift; path = AppointmentCell.swift; sourceTree = "<group>"; };
		3E808BDA1FD2745B0079E83F /* Appointment Lookup.app */ = {isa = PBXFileReference; explicitFileType = wrapper.application; includeInIndex = 0; path = "Appointment Lookup.app"; sourceTree = BUILT_PRODUCTS_DIR; };
		3E808BDD1FD2745B0079E83F /* AppDelegate.swift */ = {isa = PBXFileReference; lastKnownFileType = sourcecode.swift; path = AppDelegate.swift; sourceTree = "<group>"; };
		3E808BE41FD2745B0079E83F /* Base */ = {isa = PBXFileReference; lastKnownFileType = file.storyboard; name = Base; path = Base.lproj/Main.storyboard; sourceTree = "<group>"; };
		3E808BE61FD2745B0079E83F /* Assets.xcassets */ = {isa = PBXFileReference; lastKnownFileType = folder.assetcatalog; path = Assets.xcassets; sourceTree = "<group>"; };
		3E808BE91FD2745B0079E83F /* Base */ = {isa = PBXFileReference; lastKnownFileType = file.storyboard; name = Base; path = Base.lproj/LaunchScreen.storyboard; sourceTree = "<group>"; };
		3E808BEB1FD2745B0079E83F /* Info.plist */ = {isa = PBXFileReference; lastKnownFileType = text.plist.xml; path = Info.plist; sourceTree = "<group>"; };
		3E808BF01FD2745B0079E83F /* Appointment LookupTests.xctest */ = {isa = PBXFileReference; explicitFileType = wrapper.cfbundle; includeInIndex = 0; path = "Appointment LookupTests.xctest"; sourceTree = BUILT_PRODUCTS_DIR; };
		3E808BF41FD2745B0079E83F /* Appointment_LookupTests.swift */ = {isa = PBXFileReference; lastKnownFileType = sourcecode.swift; path = Appointment_LookupTests.swift; sourceTree = "<group>"; };
		3E808BF61FD2745B0079E83F /* Info.plist */ = {isa = PBXFileReference; lastKnownFileType = text.plist.xml; path = Info.plist; sourceTree = "<group>"; };
		3E808BFB1FD2745B0079E83F /* Appointment LookupUITests.xctest */ = {isa = PBXFileReference; explicitFileType = wrapper.cfbundle; includeInIndex = 0; path = "Appointment LookupUITests.xctest"; sourceTree = BUILT_PRODUCTS_DIR; };
		3E808BFF1FD2745B0079E83F /* Appointment_LookupUITests.swift */ = {isa = PBXFileReference; lastKnownFileType = sourcecode.swift; path = Appointment_LookupUITests.swift; sourceTree = "<group>"; };
		3E808C011FD2745B0079E83F /* Info.plist */ = {isa = PBXFileReference; lastKnownFileType = text.plist.xml; path = Info.plist; sourceTree = "<group>"; };
		3EA015B91FD4A6F4000AC28D /* GoogleService-Info.plist */ = {isa = PBXFileReference; fileEncoding = 4; lastKnownFileType = text.plist.xml; path = "GoogleService-Info.plist"; sourceTree = "<group>"; };
		3EA144D31FD4FA900020FA2D /* BusinessUser.swift */ = {isa = PBXFileReference; lastKnownFileType = sourcecode.swift; path = BusinessUser.swift; sourceTree = "<group>"; };
		3EA5858D1FE0B1FD0047CE39 /* TimeSlotTableViewCell.swift */ = {isa = PBXFileReference; lastKnownFileType = sourcecode.swift; path = TimeSlotTableViewCell.swift; sourceTree = "<group>"; };
		3EAFD4D41FE22AAA00E03ED4 /* AppointmentDetailViewController.swift */ = {isa = PBXFileReference; lastKnownFileType = sourcecode.swift; path = AppointmentDetailViewController.swift; sourceTree = "<group>"; };
		3ECD46021FD4BFC3001B5FD2 /* ViewController.swift */ = {isa = PBXFileReference; fileEncoding = 4; lastKnownFileType = sourcecode.swift; path = ViewController.swift; sourceTree = "<group>"; };
		3ECD46061FD4C2DC001B5FD2 /* PasswordController.swift */ = {isa = PBXFileReference; fileEncoding = 4; lastKnownFileType = sourcecode.swift; path = PasswordController.swift; sourceTree = "<group>"; };
		3ECD46071FD4C2DC001B5FD2 /* About.swift */ = {isa = PBXFileReference; fileEncoding = 4; lastKnownFileType = sourcecode.swift; path = About.swift; sourceTree = "<group>"; };
		3ECD46081FD4C2DC001B5FD2 /* RegisterController.swift */ = {isa = PBXFileReference; fileEncoding = 4; lastKnownFileType = sourcecode.swift; path = RegisterController.swift; sourceTree = "<group>"; };
		3ECD460F1FD4CD2E001B5FD2 /* RegisterBusinessController.swift */ = {isa = PBXFileReference; fileEncoding = 4; lastKnownFileType = sourcecode.swift; path = RegisterBusinessController.swift; sourceTree = "<group>"; };
		3EFB49A41FDE21D40004A1A0 /* CalendarViewController.swift */ = {isa = PBXFileReference; fileEncoding = 4; lastKnownFileType = sourcecode.swift; path = CalendarViewController.swift; sourceTree = "<group>"; };
		3EFB49A91FDE224F0004A1A0 /* CalendarDayCell.swift */ = {isa = PBXFileReference; fileEncoding = 4; lastKnownFileType = sourcecode.swift; path = CalendarDayCell.swift; sourceTree = "<group>"; };
		3EFB49C21FDE26590004A1A0 /* DateFormatters.swift */ = {isa = PBXFileReference; fileEncoding = 4; lastKnownFileType = sourcecode.swift; path = DateFormatters.swift; sourceTree = "<group>"; };
		3EFB49C31FDE265A0004A1A0 /* TimeSlotFormatter.swift */ = {isa = PBXFileReference; fileEncoding = 4; lastKnownFileType = sourcecode.swift; path = TimeSlotFormatter.swift; sourceTree = "<group>"; };
		3EFB49C41FDE265A0004A1A0 /* TimeSlotter.swift */ = {isa = PBXFileReference; fileEncoding = 4; lastKnownFileType = sourcecode.swift; path = TimeSlotter.swift; sourceTree = "<group>"; };
		3EFB49E41FDF8C6F0004A1A0 /* FirebaseHelper.swift */ = {isa = PBXFileReference; fileEncoding = 4; lastKnownFileType = sourcecode.swift; path = FirebaseHelper.swift; sourceTree = "<group>"; };
		3EFB49E61FDF9F290004A1A0 /* TimeSlotViewController.swift */ = {isa = PBXFileReference; lastKnownFileType = sourcecode.swift; path = TimeSlotViewController.swift; sourceTree = "<group>"; };
		4FF03F1893DA2517ABB4902A /* Pods_Appointment_LookupTests.framework */ = {isa = PBXFileReference; explicitFileType = wrapper.framework; includeInIndex = 0; path = Pods_Appointment_LookupTests.framework; sourceTree = BUILT_PRODUCTS_DIR; };
		526EB6A9D9621B96A7CCCF61 /* Pods-Appointment LookupTests.debug.xcconfig */ = {isa = PBXFileReference; includeInIndex = 1; lastKnownFileType = text.xcconfig; name = "Pods-Appointment LookupTests.debug.xcconfig"; path = "Pods/Target Support Files/Pods-Appointment LookupTests/Pods-Appointment LookupTests.debug.xcconfig"; sourceTree = "<group>"; };
		7E210D055D509BCD01A76ABD /* Pods_Appointment_LookupUITests.framework */ = {isa = PBXFileReference; explicitFileType = wrapper.framework; includeInIndex = 0; path = Pods_Appointment_LookupUITests.framework; sourceTree = BUILT_PRODUCTS_DIR; };
		825B7EDEEE05B28D9BDCF1C3 /* Pods-Appointment LookupUITests.debug.xcconfig */ = {isa = PBXFileReference; includeInIndex = 1; lastKnownFileType = text.xcconfig; name = "Pods-Appointment LookupUITests.debug.xcconfig"; path = "Pods/Target Support Files/Pods-Appointment LookupUITests/Pods-Appointment LookupUITests.debug.xcconfig"; sourceTree = "<group>"; };
		B8C42613C06456435DF2B0A7 /* Pods-Appointment Lookup.debug.xcconfig */ = {isa = PBXFileReference; includeInIndex = 1; lastKnownFileType = text.xcconfig; name = "Pods-Appointment Lookup.debug.xcconfig"; path = "Pods/Target Support Files/Pods-Appointment Lookup/Pods-Appointment Lookup.debug.xcconfig"; sourceTree = "<group>"; };
		EB8451D2D0136C0AF7877E04 /* Pods-Appointment Lookup.release.xcconfig */ = {isa = PBXFileReference; includeInIndex = 1; lastKnownFileType = text.xcconfig; name = "Pods-Appointment Lookup.release.xcconfig"; path = "Pods/Target Support Files/Pods-Appointment Lookup/Pods-Appointment Lookup.release.xcconfig"; sourceTree = "<group>"; };
/* End PBXFileReference section */

/* Begin PBXFrameworksBuildPhase section */
		3E808BD71FD2745B0079E83F /* Frameworks */ = {
			isa = PBXFrameworksBuildPhase;
			buildActionMask = 2147483647;
			files = (
				BF29D4B5482556DB5A2AE8F2 /* Pods_Appointment_Lookup.framework in Frameworks */,
			);
			runOnlyForDeploymentPostprocessing = 0;
		};
		3E808BED1FD2745B0079E83F /* Frameworks */ = {
			isa = PBXFrameworksBuildPhase;
			buildActionMask = 2147483647;
			files = (
				4F6D4B1FB1B40BC174FED054 /* Pods_Appointment_LookupTests.framework in Frameworks */,
			);
			runOnlyForDeploymentPostprocessing = 0;
		};
		3E808BF81FD2745B0079E83F /* Frameworks */ = {
			isa = PBXFrameworksBuildPhase;
			buildActionMask = 2147483647;
			files = (
				EFD95C5642025EFC8697EB92 /* Pods_Appointment_LookupUITests.framework in Frameworks */,
			);
			runOnlyForDeploymentPostprocessing = 0;
		};
/* End PBXFrameworksBuildPhase section */

/* Begin PBXGroup section */
		091ABC79E413C638E73A3601 /* Frameworks */ = {
			isa = PBXGroup;
			children = (
				16A6A73598A15DCB22A81E12 /* Pods_Appointment_Lookup.framework */,
				4FF03F1893DA2517ABB4902A /* Pods_Appointment_LookupTests.framework */,
				7E210D055D509BCD01A76ABD /* Pods_Appointment_LookupUITests.framework */,
			);
			name = Frameworks;
			sourceTree = "<group>";
		};
		3E808BD11FD2745B0079E83F = {
			isa = PBXGroup;
			children = (
				3E808BDC1FD2745B0079E83F /* Appointment Lookup */,
				3E808BF31FD2745B0079E83F /* Appointment LookupTests */,
				3E808BFE1FD2745B0079E83F /* Appointment LookupUITests */,
				3E808BDB1FD2745B0079E83F /* Products */,
				704A1408D168218BBF705D11 /* Pods */,
				091ABC79E413C638E73A3601 /* Frameworks */,
			);
			sourceTree = "<group>";
		};
		3E808BDB1FD2745B0079E83F /* Products */ = {
			isa = PBXGroup;
			children = (
				3E808BDA1FD2745B0079E83F /* Appointment Lookup.app */,
				3E808BF01FD2745B0079E83F /* Appointment LookupTests.xctest */,
				3E808BFB1FD2745B0079E83F /* Appointment LookupUITests.xctest */,
			);
			name = Products;
			sourceTree = "<group>";
		};
		3E808BDC1FD2745B0079E83F /* Appointment Lookup */ = {
			isa = PBXGroup;
			children = (
				3EFB49C81FDE26600004A1A0 /* Support */,
				3EFB49A31FDE21AA0004A1A0 /* Calendar */,
				3ECD46041FD4C012001B5FD2 /* Login */,
				3EA015B91FD4A6F4000AC28D /* GoogleService-Info.plist */,
				3E808BDD1FD2745B0079E83F /* AppDelegate.swift */,
				3E808BE31FD2745B0079E83F /* Main.storyboard */,
				3E808BE61FD2745B0079E83F /* Assets.xcassets */,
				3E808BE81FD2745B0079E83F /* LaunchScreen.storyboard */,
				3E808BEB1FD2745B0079E83F /* Info.plist */,
			);
			path = "Appointment Lookup";
			sourceTree = "<group>";
		};
		3E808BF31FD2745B0079E83F /* Appointment LookupTests */ = {
			isa = PBXGroup;
			children = (
				3E808BF41FD2745B0079E83F /* Appointment_LookupTests.swift */,
				3E808BF61FD2745B0079E83F /* Info.plist */,
			);
			path = "Appointment LookupTests";
			sourceTree = "<group>";
		};
		3E808BFE1FD2745B0079E83F /* Appointment LookupUITests */ = {
			isa = PBXGroup;
			children = (
				3E808BFF1FD2745B0079E83F /* Appointment_LookupUITests.swift */,
				3E808C011FD2745B0079E83F /* Info.plist */,
			);
			path = "Appointment LookupUITests";
			sourceTree = "<group>";
		};
		3ECD46041FD4C012001B5FD2 /* Login */ = {
			isa = PBXGroup;
			children = (
				3E62BC671FE1E72800D4B339 /* TimeSlotsCVC.swift */,
				3ECD46021FD4BFC3001B5FD2 /* ViewController.swift */,
				3ECD46071FD4C2DC001B5FD2 /* About.swift */,
				3E0D2BCF1FDDF24000E16750 /* CategoriesViewController.swift */,
				3ECD46061FD4C2DC001B5FD2 /* PasswordController.swift */,
				3E0D2BD11FDDFD7E00E16750 /* CustomTabBar.swift */,
				3ECD460F1FD4CD2E001B5FD2 /* RegisterBusinessController.swift */,
				3E0D2BD31FDE077F00E16750 /* ServiceProvidersListViewController.swift */,
				3ECD46081FD4C2DC001B5FD2 /* RegisterController.swift */,
				3EA144D31FD4FA900020FA2D /* BusinessUser.swift */,
				3EFB49E61FDF9F290004A1A0 /* TimeSlotViewController.swift */,
				3E6237C31FE0F11F00BC9699 /* NewAppointmentViewController.swift */,
			);
			path = Login;
			sourceTree = "<group>";
		};
		3EFB49A31FDE21AA0004A1A0 /* Calendar */ = {
			isa = PBXGroup;
			children = (
				3EFB49E41FDF8C6F0004A1A0 /* FirebaseHelper.swift */,
				3EFB49A81FDE22440004A1A0 /* Cells */,
				3E62BC691FE1E9A900D4B339 /* TimeSlotCell.swift */,
				3EFB49A41FDE21D40004A1A0 /* CalendarViewController.swift */,
				3EAFD4D41FE22AAA00E03ED4 /* AppointmentDetailViewController.swift */,
			);
			path = Calendar;
			sourceTree = "<group>";
		};
		3EFB49A81FDE22440004A1A0 /* Cells */ = {
			isa = PBXGroup;
			children = (
				3EFB49A91FDE224F0004A1A0 /* CalendarDayCell.swift */,
				3EA5858D1FE0B1FD0047CE39 /* TimeSlotTableViewCell.swift */,
				3E62BC651FE1DF2500D4B339 /* NewApptTableViewController.swift */,
				3E7456B11FE21AD300ACF552 /* AppointmentCell.swift */,
			);
			path = Cells;
			sourceTree = "<group>";
		};
		3EFB49C81FDE26600004A1A0 /* Support */ = {
			isa = PBXGroup;
			children = (
				3EFB49C21FDE26590004A1A0 /* DateFormatters.swift */,
				3EFB49C31FDE265A0004A1A0 /* TimeSlotFormatter.swift */,
				3EFB49C41FDE265A0004A1A0 /* TimeSlotter.swift */,
				3E438A3F1FE0CB26001459F7 /* TimeSlot.swift */,
				3E6237C51FE0F61D00BC9699 /* DateHelper.swift */,
				3E5DC8C61FE10BC000B502CA /* Appointment.swift */,
			);
			path = Support;
			sourceTree = "<group>";
		};
		704A1408D168218BBF705D11 /* Pods */ = {
			isa = PBXGroup;
			children = (
				B8C42613C06456435DF2B0A7 /* Pods-Appointment Lookup.debug.xcconfig */,
				EB8451D2D0136C0AF7877E04 /* Pods-Appointment Lookup.release.xcconfig */,
				526EB6A9D9621B96A7CCCF61 /* Pods-Appointment LookupTests.debug.xcconfig */,
				184DC0F6279864E7C321F08F /* Pods-Appointment LookupTests.release.xcconfig */,
				825B7EDEEE05B28D9BDCF1C3 /* Pods-Appointment LookupUITests.debug.xcconfig */,
				0469D5FDFA4377EBF6A51C3E /* Pods-Appointment LookupUITests.release.xcconfig */,
			);
			name = Pods;
			sourceTree = "<group>";
		};
/* End PBXGroup section */

/* Begin PBXNativeTarget section */
		3E808BD91FD2745B0079E83F /* Appointment Lookup */ = {
			isa = PBXNativeTarget;
			buildConfigurationList = 3E808C041FD2745B0079E83F /* Build configuration list for PBXNativeTarget "Appointment Lookup" */;
			buildPhases = (
				F35358F3C8BC8D1D5CE412BD /* [CP] Check Pods Manifest.lock */,
				3E808BD61FD2745B0079E83F /* Sources */,
				3E808BD71FD2745B0079E83F /* Frameworks */,
				3E808BD81FD2745B0079E83F /* Resources */,
				B72FFD26EE9B547FB9911CB9 /* [CP] Embed Pods Frameworks */,
				E06237325E9AFC8339688D85 /* [CP] Copy Pods Resources */,
			);
			buildRules = (
			);
			dependencies = (
			);
			name = "Appointment Lookup";
			productName = "Appointment Lookup";
			productReference = 3E808BDA1FD2745B0079E83F /* Appointment Lookup.app */;
			productType = "com.apple.product-type.application";
		};
		3E808BEF1FD2745B0079E83F /* Appointment LookupTests */ = {
			isa = PBXNativeTarget;
			buildConfigurationList = 3E808C071FD2745B0079E83F /* Build configuration list for PBXNativeTarget "Appointment LookupTests" */;
			buildPhases = (
				478E5A8D3ECAB07C81BBCFA0 /* [CP] Check Pods Manifest.lock */,
				3E808BEC1FD2745B0079E83F /* Sources */,
				3E808BED1FD2745B0079E83F /* Frameworks */,
				3E808BEE1FD2745B0079E83F /* Resources */,
				AD8013B26D7F73895551119E /* [CP] Embed Pods Frameworks */,
				13A2C390D5DD3FB48D183217 /* [CP] Copy Pods Resources */,
			);
			buildRules = (
			);
			dependencies = (
				3E808BF21FD2745B0079E83F /* PBXTargetDependency */,
			);
			name = "Appointment LookupTests";
			productName = "Appointment LookupTests";
			productReference = 3E808BF01FD2745B0079E83F /* Appointment LookupTests.xctest */;
			productType = "com.apple.product-type.bundle.unit-test";
		};
		3E808BFA1FD2745B0079E83F /* Appointment LookupUITests */ = {
			isa = PBXNativeTarget;
			buildConfigurationList = 3E808C0A1FD2745B0079E83F /* Build configuration list for PBXNativeTarget "Appointment LookupUITests" */;
			buildPhases = (
				6ABCE138F2E91056475B6EF3 /* [CP] Check Pods Manifest.lock */,
				3E808BF71FD2745B0079E83F /* Sources */,
				3E808BF81FD2745B0079E83F /* Frameworks */,
				3E808BF91FD2745B0079E83F /* Resources */,
				1BB4AB0573A5CADBDB6797B3 /* [CP] Embed Pods Frameworks */,
				BF94A4E78A2DCE42AF169ADD /* [CP] Copy Pods Resources */,
			);
			buildRules = (
			);
			dependencies = (
				3E808BFD1FD2745B0079E83F /* PBXTargetDependency */,
			);
			name = "Appointment LookupUITests";
			productName = "Appointment LookupUITests";
			productReference = 3E808BFB1FD2745B0079E83F /* Appointment LookupUITests.xctest */;
			productType = "com.apple.product-type.bundle.ui-testing";
		};
/* End PBXNativeTarget section */

/* Begin PBXProject section */
		3E808BD21FD2745B0079E83F /* Project object */ = {
			isa = PBXProject;
			attributes = {
				LastSwiftUpdateCheck = 0910;
				LastUpgradeCheck = 0910;
				ORGANIZATIONNAME = "Nainesh Patel";
				TargetAttributes = {
					3E808BD91FD2745B0079E83F = {
						CreatedOnToolsVersion = 9.1;
						ProvisioningStyle = Automatic;
					};
					3E808BEF1FD2745B0079E83F = {
						CreatedOnToolsVersion = 9.1;
						ProvisioningStyle = Automatic;
						TestTargetID = 3E808BD91FD2745B0079E83F;
					};
					3E808BFA1FD2745B0079E83F = {
						CreatedOnToolsVersion = 9.1;
						ProvisioningStyle = Automatic;
						TestTargetID = 3E808BD91FD2745B0079E83F;
					};
				};
			};
			buildConfigurationList = 3E808BD51FD2745B0079E83F /* Build configuration list for PBXProject "Appointment Lookup" */;
			compatibilityVersion = "Xcode 8.0";
			developmentRegion = en;
			hasScannedForEncodings = 0;
			knownRegions = (
				en,
				Base,
			);
			mainGroup = 3E808BD11FD2745B0079E83F;
			productRefGroup = 3E808BDB1FD2745B0079E83F /* Products */;
			projectDirPath = "";
			projectRoot = "";
			targets = (
				3E808BD91FD2745B0079E83F /* Appointment Lookup */,
				3E808BEF1FD2745B0079E83F /* Appointment LookupTests */,
				3E808BFA1FD2745B0079E83F /* Appointment LookupUITests */,
			);
		};
/* End PBXProject section */

/* Begin PBXResourcesBuildPhase section */
		3E808BD81FD2745B0079E83F /* Resources */ = {
			isa = PBXResourcesBuildPhase;
			buildActionMask = 2147483647;
			files = (
				3E808BEA1FD2745B0079E83F /* LaunchScreen.storyboard in Resources */,
				3EA015BA1FD4A6F4000AC28D /* GoogleService-Info.plist in Resources */,
				3E808BE71FD2745B0079E83F /* Assets.xcassets in Resources */,
				3E808BE51FD2745B0079E83F /* Main.storyboard in Resources */,
			);
			runOnlyForDeploymentPostprocessing = 0;
		};
		3E808BEE1FD2745B0079E83F /* Resources */ = {
			isa = PBXResourcesBuildPhase;
			buildActionMask = 2147483647;
			files = (
			);
			runOnlyForDeploymentPostprocessing = 0;
		};
		3E808BF91FD2745B0079E83F /* Resources */ = {
			isa = PBXResourcesBuildPhase;
			buildActionMask = 2147483647;
			files = (
			);
			runOnlyForDeploymentPostprocessing = 0;
		};
/* End PBXResourcesBuildPhase section */

/* Begin PBXShellScriptBuildPhase section */
		13A2C390D5DD3FB48D183217 /* [CP] Copy Pods Resources */ = {
			isa = PBXShellScriptBuildPhase;
			buildActionMask = 2147483647;
			files = (
			);
			inputPaths = (
			);
			name = "[CP] Copy Pods Resources";
			outputPaths = (
			);
			runOnlyForDeploymentPostprocessing = 0;
			shellPath = /bin/sh;
			shellScript = "\"${SRCROOT}/Pods/Target Support Files/Pods-Appointment LookupTests/Pods-Appointment LookupTests-resources.sh\"\n";
			showEnvVarsInLog = 0;
		};
		1BB4AB0573A5CADBDB6797B3 /* [CP] Embed Pods Frameworks */ = {
			isa = PBXShellScriptBuildPhase;
			buildActionMask = 2147483647;
			files = (
			);
			inputPaths = (
			);
			name = "[CP] Embed Pods Frameworks";
			outputPaths = (
			);
			runOnlyForDeploymentPostprocessing = 0;
			shellPath = /bin/sh;
			shellScript = "\"${SRCROOT}/Pods/Target Support Files/Pods-Appointment LookupUITests/Pods-Appointment LookupUITests-frameworks.sh\"\n";
			showEnvVarsInLog = 0;
		};
		478E5A8D3ECAB07C81BBCFA0 /* [CP] Check Pods Manifest.lock */ = {
			isa = PBXShellScriptBuildPhase;
			buildActionMask = 2147483647;
			files = (
			);
			inputPaths = (
				"${PODS_PODFILE_DIR_PATH}/Podfile.lock",
				"${PODS_ROOT}/Manifest.lock",
			);
			name = "[CP] Check Pods Manifest.lock";
			outputPaths = (
				"$(DERIVED_FILE_DIR)/Pods-Appointment LookupTests-checkManifestLockResult.txt",
			);
			runOnlyForDeploymentPostprocessing = 0;
			shellPath = /bin/sh;
			shellScript = "diff \"${PODS_PODFILE_DIR_PATH}/Podfile.lock\" \"${PODS_ROOT}/Manifest.lock\" > /dev/null\nif [ $? != 0 ] ; then\n    # print error to STDERR\n    echo \"error: The sandbox is not in sync with the Podfile.lock. Run 'pod install' or update your CocoaPods installation.\" >&2\n    exit 1\nfi\n# This output is used by Xcode 'outputs' to avoid re-running this script phase.\necho \"SUCCESS\" > \"${SCRIPT_OUTPUT_FILE_0}\"\n";
			showEnvVarsInLog = 0;
		};
		6ABCE138F2E91056475B6EF3 /* [CP] Check Pods Manifest.lock */ = {
			isa = PBXShellScriptBuildPhase;
			buildActionMask = 2147483647;
			files = (
			);
			inputPaths = (
				"${PODS_PODFILE_DIR_PATH}/Podfile.lock",
				"${PODS_ROOT}/Manifest.lock",
			);
			name = "[CP] Check Pods Manifest.lock";
			outputPaths = (
				"$(DERIVED_FILE_DIR)/Pods-Appointment LookupUITests-checkManifestLockResult.txt",
			);
			runOnlyForDeploymentPostprocessing = 0;
			shellPath = /bin/sh;
			shellScript = "diff \"${PODS_PODFILE_DIR_PATH}/Podfile.lock\" \"${PODS_ROOT}/Manifest.lock\" > /dev/null\nif [ $? != 0 ] ; then\n    # print error to STDERR\n    echo \"error: The sandbox is not in sync with the Podfile.lock. Run 'pod install' or update your CocoaPods installation.\" >&2\n    exit 1\nfi\n# This output is used by Xcode 'outputs' to avoid re-running this script phase.\necho \"SUCCESS\" > \"${SCRIPT_OUTPUT_FILE_0}\"\n";
			showEnvVarsInLog = 0;
		};
		AD8013B26D7F73895551119E /* [CP] Embed Pods Frameworks */ = {
			isa = PBXShellScriptBuildPhase;
			buildActionMask = 2147483647;
			files = (
			);
			inputPaths = (
			);
			name = "[CP] Embed Pods Frameworks";
			outputPaths = (
			);
			runOnlyForDeploymentPostprocessing = 0;
			shellPath = /bin/sh;
			shellScript = "\"${SRCROOT}/Pods/Target Support Files/Pods-Appointment LookupTests/Pods-Appointment LookupTests-frameworks.sh\"\n";
			showEnvVarsInLog = 0;
		};
		B72FFD26EE9B547FB9911CB9 /* [CP] Embed Pods Frameworks */ = {
			isa = PBXShellScriptBuildPhase;
			buildActionMask = 2147483647;
			files = (
			);
			inputPaths = (
				"${SRCROOT}/Pods/Target Support Files/Pods-Appointment Lookup/Pods-Appointment Lookup-frameworks.sh",
				"${BUILT_PRODUCTS_DIR}/GTMSessionFetcher/GTMSessionFetcher.framework",
				"${BUILT_PRODUCTS_DIR}/GoogleToolboxForMac/GoogleToolboxForMac.framework",
				"${BUILT_PRODUCTS_DIR}/JTAppleCalendar/JTAppleCalendar.framework",
				"${BUILT_PRODUCTS_DIR}/leveldb-library/leveldb.framework",
				"${BUILT_PRODUCTS_DIR}/nanopb/nanopb.framework",
			);
			name = "[CP] Embed Pods Frameworks";
			outputPaths = (
				"${TARGET_BUILD_DIR}/${FRAMEWORKS_FOLDER_PATH}/GTMSessionFetcher.framework",
				"${TARGET_BUILD_DIR}/${FRAMEWORKS_FOLDER_PATH}/GoogleToolboxForMac.framework",
				"${TARGET_BUILD_DIR}/${FRAMEWORKS_FOLDER_PATH}/JTAppleCalendar.framework",
				"${TARGET_BUILD_DIR}/${FRAMEWORKS_FOLDER_PATH}/leveldb.framework",
				"${TARGET_BUILD_DIR}/${FRAMEWORKS_FOLDER_PATH}/nanopb.framework",
			);
			runOnlyForDeploymentPostprocessing = 0;
			shellPath = /bin/sh;
			shellScript = "\"${SRCROOT}/Pods/Target Support Files/Pods-Appointment Lookup/Pods-Appointment Lookup-frameworks.sh\"\n";
			showEnvVarsInLog = 0;
		};
		BF94A4E78A2DCE42AF169ADD /* [CP] Copy Pods Resources */ = {
			isa = PBXShellScriptBuildPhase;
			buildActionMask = 2147483647;
			files = (
			);
			inputPaths = (
			);
			name = "[CP] Copy Pods Resources";
			outputPaths = (
			);
			runOnlyForDeploymentPostprocessing = 0;
			shellPath = /bin/sh;
			shellScript = "\"${SRCROOT}/Pods/Target Support Files/Pods-Appointment LookupUITests/Pods-Appointment LookupUITests-resources.sh\"\n";
			showEnvVarsInLog = 0;
		};
		E06237325E9AFC8339688D85 /* [CP] Copy Pods Resources */ = {
			isa = PBXShellScriptBuildPhase;
			buildActionMask = 2147483647;
			files = (
			);
			inputPaths = (
			);
			name = "[CP] Copy Pods Resources";
			outputPaths = (
			);
			runOnlyForDeploymentPostprocessing = 0;
			shellPath = /bin/sh;
			shellScript = "\"${SRCROOT}/Pods/Target Support Files/Pods-Appointment Lookup/Pods-Appointment Lookup-resources.sh\"\n";
			showEnvVarsInLog = 0;
		};
		F35358F3C8BC8D1D5CE412BD /* [CP] Check Pods Manifest.lock */ = {
			isa = PBXShellScriptBuildPhase;
			buildActionMask = 2147483647;
			files = (
			);
			inputPaths = (
				"${PODS_PODFILE_DIR_PATH}/Podfile.lock",
				"${PODS_ROOT}/Manifest.lock",
			);
			name = "[CP] Check Pods Manifest.lock";
			outputPaths = (
				"$(DERIVED_FILE_DIR)/Pods-Appointment Lookup-checkManifestLockResult.txt",
			);
			runOnlyForDeploymentPostprocessing = 0;
			shellPath = /bin/sh;
			shellScript = "diff \"${PODS_PODFILE_DIR_PATH}/Podfile.lock\" \"${PODS_ROOT}/Manifest.lock\" > /dev/null\nif [ $? != 0 ] ; then\n    # print error to STDERR\n    echo \"error: The sandbox is not in sync with the Podfile.lock. Run 'pod install' or update your CocoaPods installation.\" >&2\n    exit 1\nfi\n# This output is used by Xcode 'outputs' to avoid re-running this script phase.\necho \"SUCCESS\" > \"${SCRIPT_OUTPUT_FILE_0}\"\n";
			showEnvVarsInLog = 0;
		};
/* End PBXShellScriptBuildPhase section */

/* Begin PBXSourcesBuildPhase section */
		3E808BD61FD2745B0079E83F /* Sources */ = {
			isa = PBXSourcesBuildPhase;
			buildActionMask = 2147483647;
			files = (
				3EA144D41FD4FA900020FA2D /* BusinessUser.swift in Sources */,
				3EAFD4D51FE22AAA00E03ED4 /* AppointmentDetailViewController.swift in Sources */,
				3E0D2BD41FDE078000E16750 /* ServiceProvidersListViewController.swift in Sources */,
				3EFB49E51FDF8C6F0004A1A0 /* FirebaseHelper.swift in Sources */,
				3EFB49E71FDF9F290004A1A0 /* TimeSlotViewController.swift in Sources */,
				3E62BC6A1FE1E9AA00D4B339 /* TimeSlotCell.swift in Sources */,
				3EFB49C51FDE265A0004A1A0 /* DateFormatters.swift in Sources */,
				3E808BDE1FD2745B0079E83F /* AppDelegate.swift in Sources */,
				3EFB49A51FDE21D40004A1A0 /* CalendarViewController.swift in Sources */,
				3E0D2BD01FDDF24000E16750 /* CategoriesViewController.swift in Sources */,
				3ECD460B1FD4C2DC001B5FD2 /* About.swift in Sources */,
				3E5DC8C71FE10BC000B502CA /* Appointment.swift in Sources */,
				3E62BC661FE1DF2500D4B339 /* NewApptTableViewController.swift in Sources */,
				3E6237C61FE0F61D00BC9699 /* DateHelper.swift in Sources */,
				3E0D2BD21FDDFD7F00E16750 /* CustomTabBar.swift in Sources */,
				3E438A401FE0CB26001459F7 /* TimeSlot.swift in Sources */,
				3E7456B21FE21AD300ACF552 /* AppointmentCell.swift in Sources */,
				3EA5858E1FE0B1FD0047CE39 /* TimeSlotTableViewCell.swift in Sources */,
				3ECD460A1FD4C2DC001B5FD2 /* PasswordController.swift in Sources */,
				3EFB49C71FDE265A0004A1A0 /* TimeSlotter.swift in Sources */,
				3EFB49AF1FDE224F0004A1A0 /* CalendarDayCell.swift in Sources */,
				3E6237C41FE0F11F00BC9699 /* NewAppointmentViewController.swift in Sources */,
				3EFB49C61FDE265A0004A1A0 /* TimeSlotFormatter.swift in Sources */,
				3E62BC681FE1E72900D4B339 /* TimeSlotsCVC.swift in Sources */,
				3ECD460C1FD4C2DC001B5FD2 /* RegisterController.swift in Sources */,
				3ECD46101FD4CD2F001B5FD2 /* RegisterBusinessController.swift in Sources */,
				3ECD46031FD4BFC3001B5FD2 /* ViewController.swift in Sources */,
			);
			runOnlyForDeploymentPostprocessing = 0;
		};
		3E808BEC1FD2745B0079E83F /* Sources */ = {
			isa = PBXSourcesBuildPhase;
			buildActionMask = 2147483647;
			files = (
				3E808BF51FD2745B0079E83F /* Appointment_LookupTests.swift in Sources */,
			);
			runOnlyForDeploymentPostprocessing = 0;
		};
		3E808BF71FD2745B0079E83F /* Sources */ = {
			isa = PBXSourcesBuildPhase;
			buildActionMask = 2147483647;
			files = (
				3E808C001FD2745B0079E83F /* Appointment_LookupUITests.swift in Sources */,
			);
			runOnlyForDeploymentPostprocessing = 0;
		};
/* End PBXSourcesBuildPhase section */

/* Begin PBXTargetDependency section */
		3E808BF21FD2745B0079E83F /* PBXTargetDependency */ = {
			isa = PBXTargetDependency;
			target = 3E808BD91FD2745B0079E83F /* Appointment Lookup */;
			targetProxy = 3E808BF11FD2745B0079E83F /* PBXContainerItemProxy */;
		};
		3E808BFD1FD2745B0079E83F /* PBXTargetDependency */ = {
			isa = PBXTargetDependency;
			target = 3E808BD91FD2745B0079E83F /* Appointment Lookup */;
			targetProxy = 3E808BFC1FD2745B0079E83F /* PBXContainerItemProxy */;
		};
/* End PBXTargetDependency section */

/* Begin PBXVariantGroup section */
		3E808BE31FD2745B0079E83F /* Main.storyboard */ = {
			isa = PBXVariantGroup;
			children = (
				3E808BE41FD2745B0079E83F /* Base */,
			);
			name = Main.storyboard;
			sourceTree = "<group>";
		};
		3E808BE81FD2745B0079E83F /* LaunchScreen.storyboard */ = {
			isa = PBXVariantGroup;
			children = (
				3E808BE91FD2745B0079E83F /* Base */,
			);
			name = LaunchScreen.storyboard;
			sourceTree = "<group>";
		};
/* End PBXVariantGroup section */

/* Begin XCBuildConfiguration section */
		3E808C021FD2745B0079E83F /* Debug */ = {
			isa = XCBuildConfiguration;
			buildSettings = {
				ALWAYS_SEARCH_USER_PATHS = NO;
				CLANG_ANALYZER_NONNULL = YES;
				CLANG_ANALYZER_NUMBER_OBJECT_CONVERSION = YES_AGGRESSIVE;
				CLANG_CXX_LANGUAGE_STANDARD = "gnu++14";
				CLANG_CXX_LIBRARY = "libc++";
				CLANG_ENABLE_MODULES = YES;
				CLANG_ENABLE_OBJC_ARC = YES;
				CLANG_WARN_BLOCK_CAPTURE_AUTORELEASING = YES;
				CLANG_WARN_BOOL_CONVERSION = YES;
				CLANG_WARN_COMMA = YES;
				CLANG_WARN_CONSTANT_CONVERSION = YES;
				CLANG_WARN_DIRECT_OBJC_ISA_USAGE = YES_ERROR;
				CLANG_WARN_DOCUMENTATION_COMMENTS = YES;
				CLANG_WARN_EMPTY_BODY = YES;
				CLANG_WARN_ENUM_CONVERSION = YES;
				CLANG_WARN_INFINITE_RECURSION = YES;
				CLANG_WARN_INT_CONVERSION = YES;
				CLANG_WARN_NON_LITERAL_NULL_CONVERSION = YES;
				CLANG_WARN_OBJC_LITERAL_CONVERSION = YES;
				CLANG_WARN_OBJC_ROOT_CLASS = YES_ERROR;
				CLANG_WARN_RANGE_LOOP_ANALYSIS = YES;
				CLANG_WARN_STRICT_PROTOTYPES = YES;
				CLANG_WARN_SUSPICIOUS_MOVE = YES;
				CLANG_WARN_UNGUARDED_AVAILABILITY = YES_AGGRESSIVE;
				CLANG_WARN_UNREACHABLE_CODE = YES;
				CLANG_WARN__DUPLICATE_METHOD_MATCH = YES;
				CODE_SIGN_IDENTITY = "iPhone Developer";
				COPY_PHASE_STRIP = NO;
				DEBUG_INFORMATION_FORMAT = dwarf;
				ENABLE_STRICT_OBJC_MSGSEND = YES;
				ENABLE_TESTABILITY = YES;
				GCC_C_LANGUAGE_STANDARD = gnu11;
				GCC_DYNAMIC_NO_PIC = NO;
				GCC_NO_COMMON_BLOCKS = YES;
				GCC_OPTIMIZATION_LEVEL = 0;
				GCC_PREPROCESSOR_DEFINITIONS = (
					"DEBUG=1",
					"$(inherited)",
				);
				GCC_WARN_64_TO_32_BIT_CONVERSION = YES;
				GCC_WARN_ABOUT_RETURN_TYPE = YES_ERROR;
				GCC_WARN_UNDECLARED_SELECTOR = YES;
				GCC_WARN_UNINITIALIZED_AUTOS = YES_AGGRESSIVE;
				GCC_WARN_UNUSED_FUNCTION = YES;
				GCC_WARN_UNUSED_VARIABLE = YES;
				IPHONEOS_DEPLOYMENT_TARGET = 11.1;
				MTL_ENABLE_DEBUG_INFO = YES;
				ONLY_ACTIVE_ARCH = YES;
				SDKROOT = iphoneos;
				SWIFT_ACTIVE_COMPILATION_CONDITIONS = DEBUG;
				SWIFT_OPTIMIZATION_LEVEL = "-Onone";
			};
			name = Debug;
		};
		3E808C031FD2745B0079E83F /* Release */ = {
			isa = XCBuildConfiguration;
			buildSettings = {
				ALWAYS_SEARCH_USER_PATHS = NO;
				CLANG_ANALYZER_NONNULL = YES;
				CLANG_ANALYZER_NUMBER_OBJECT_CONVERSION = YES_AGGRESSIVE;
				CLANG_CXX_LANGUAGE_STANDARD = "gnu++14";
				CLANG_CXX_LIBRARY = "libc++";
				CLANG_ENABLE_MODULES = YES;
				CLANG_ENABLE_OBJC_ARC = YES;
				CLANG_WARN_BLOCK_CAPTURE_AUTORELEASING = YES;
				CLANG_WARN_BOOL_CONVERSION = YES;
				CLANG_WARN_COMMA = YES;
				CLANG_WARN_CONSTANT_CONVERSION = YES;
				CLANG_WARN_DIRECT_OBJC_ISA_USAGE = YES_ERROR;
				CLANG_WARN_DOCUMENTATION_COMMENTS = YES;
				CLANG_WARN_EMPTY_BODY = YES;
				CLANG_WARN_ENUM_CONVERSION = YES;
				CLANG_WARN_INFINITE_RECURSION = YES;
				CLANG_WARN_INT_CONVERSION = YES;
				CLANG_WARN_NON_LITERAL_NULL_CONVERSION = YES;
				CLANG_WARN_OBJC_LITERAL_CONVERSION = YES;
				CLANG_WARN_OBJC_ROOT_CLASS = YES_ERROR;
				CLANG_WARN_RANGE_LOOP_ANALYSIS = YES;
				CLANG_WARN_STRICT_PROTOTYPES = YES;
				CLANG_WARN_SUSPICIOUS_MOVE = YES;
				CLANG_WARN_UNGUARDED_AVAILABILITY = YES_AGGRESSIVE;
				CLANG_WARN_UNREACHABLE_CODE = YES;
				CLANG_WARN__DUPLICATE_METHOD_MATCH = YES;
				CODE_SIGN_IDENTITY = "iPhone Developer";
				COPY_PHASE_STRIP = NO;
				DEBUG_INFORMATION_FORMAT = "dwarf-with-dsym";
				ENABLE_NS_ASSERTIONS = NO;
				ENABLE_STRICT_OBJC_MSGSEND = YES;
				GCC_C_LANGUAGE_STANDARD = gnu11;
				GCC_NO_COMMON_BLOCKS = YES;
				GCC_WARN_64_TO_32_BIT_CONVERSION = YES;
				GCC_WARN_ABOUT_RETURN_TYPE = YES_ERROR;
				GCC_WARN_UNDECLARED_SELECTOR = YES;
				GCC_WARN_UNINITIALIZED_AUTOS = YES_AGGRESSIVE;
				GCC_WARN_UNUSED_FUNCTION = YES;
				GCC_WARN_UNUSED_VARIABLE = YES;
				IPHONEOS_DEPLOYMENT_TARGET = 11.1;
				MTL_ENABLE_DEBUG_INFO = NO;
				SDKROOT = iphoneos;
				SWIFT_OPTIMIZATION_LEVEL = "-Owholemodule";
				VALIDATE_PRODUCT = YES;
			};
			name = Release;
		};
		3E808C051FD2745B0079E83F /* Debug */ = {
			isa = XCBuildConfiguration;
			baseConfigurationReference = B8C42613C06456435DF2B0A7 /* Pods-Appointment Lookup.debug.xcconfig */;
			buildSettings = {
				ASSETCATALOG_COMPILER_APPICON_NAME = AppIcon;
				CODE_SIGN_STYLE = Automatic;
				DEVELOPMENT_TEAM = CMJQB2NX55;
				INFOPLIST_FILE = "Appointment Lookup/Info.plist";
				LD_RUNPATH_SEARCH_PATHS = "$(inherited) @executable_path/Frameworks";
				PRODUCT_BUNDLE_IDENTIFIER = "com.nainesh.Appointment-Lookup";
				PRODUCT_NAME = "$(TARGET_NAME)";
				SWIFT_VERSION = 4.0;
				TARGETED_DEVICE_FAMILY = "1,2";
			};
			name = Debug;
		};
		3E808C061FD2745B0079E83F /* Release */ = {
			isa = XCBuildConfiguration;
			baseConfigurationReference = EB8451D2D0136C0AF7877E04 /* Pods-Appointment Lookup.release.xcconfig */;
			buildSettings = {
				ASSETCATALOG_COMPILER_APPICON_NAME = AppIcon;
				CODE_SIGN_STYLE = Automatic;
				DEVELOPMENT_TEAM = CMJQB2NX55;
				INFOPLIST_FILE = "Appointment Lookup/Info.plist";
				LD_RUNPATH_SEARCH_PATHS = "$(inherited) @executable_path/Frameworks";
				PRODUCT_BUNDLE_IDENTIFIER = "com.nainesh.Appointment-Lookup";
				PRODUCT_NAME = "$(TARGET_NAME)";
				SWIFT_VERSION = 4.0;
				TARGETED_DEVICE_FAMILY = "1,2";
			};
			name = Release;
		};
		3E808C081FD2745B0079E83F /* Debug */ = {
			isa = XCBuildConfiguration;
			baseConfigurationReference = 526EB6A9D9621B96A7CCCF61 /* Pods-Appointment LookupTests.debug.xcconfig */;
			buildSettings = {
				ALWAYS_EMBED_SWIFT_STANDARD_LIBRARIES = YES;
				BUNDLE_LOADER = "$(TEST_HOST)";
				CODE_SIGN_STYLE = Automatic;
				INFOPLIST_FILE = "Appointment LookupTests/Info.plist";
				LD_RUNPATH_SEARCH_PATHS = "$(inherited) @executable_path/Frameworks @loader_path/Frameworks";
				PRODUCT_BUNDLE_IDENTIFIER = "com.nainesh.Appointment-LookupTests";
				PRODUCT_NAME = "$(TARGET_NAME)";
				SWIFT_VERSION = 4.0;
				TARGETED_DEVICE_FAMILY = "1,2";
				TEST_HOST = "$(BUILT_PRODUCTS_DIR)/Appointment Lookup.app/Appointment Lookup";
			};
			name = Debug;
		};
		3E808C091FD2745B0079E83F /* Release */ = {
			isa = XCBuildConfiguration;
			baseConfigurationReference = 184DC0F6279864E7C321F08F /* Pods-Appointment LookupTests.release.xcconfig */;
			buildSettings = {
				ALWAYS_EMBED_SWIFT_STANDARD_LIBRARIES = YES;
				BUNDLE_LOADER = "$(TEST_HOST)";
				CODE_SIGN_STYLE = Automatic;
				INFOPLIST_FILE = "Appointment LookupTests/Info.plist";
				LD_RUNPATH_SEARCH_PATHS = "$(inherited) @executable_path/Frameworks @loader_path/Frameworks";
				PRODUCT_BUNDLE_IDENTIFIER = "com.nainesh.Appointment-LookupTests";
				PRODUCT_NAME = "$(TARGET_NAME)";
				SWIFT_VERSION = 4.0;
				TARGETED_DEVICE_FAMILY = "1,2";
				TEST_HOST = "$(BUILT_PRODUCTS_DIR)/Appointment Lookup.app/Appointment Lookup";
			};
			name = Release;
		};
		3E808C0B1FD2745B0079E83F /* Debug */ = {
			isa = XCBuildConfiguration;
			baseConfigurationReference = 825B7EDEEE05B28D9BDCF1C3 /* Pods-Appointment LookupUITests.debug.xcconfig */;
			buildSettings = {
				ALWAYS_EMBED_SWIFT_STANDARD_LIBRARIES = YES;
				CODE_SIGN_STYLE = Automatic;
				INFOPLIST_FILE = "Appointment LookupUITests/Info.plist";
				LD_RUNPATH_SEARCH_PATHS = "$(inherited) @executable_path/Frameworks @loader_path/Frameworks";
				PRODUCT_BUNDLE_IDENTIFIER = "com.nainesh.Appointment-LookupUITests";
				PRODUCT_NAME = "$(TARGET_NAME)";
				SWIFT_VERSION = 4.0;
				TARGETED_DEVICE_FAMILY = "1,2";
				TEST_TARGET_NAME = "Appointment Lookup";
			};
			name = Debug;
		};
		3E808C0C1FD2745B0079E83F /* Release */ = {
			isa = XCBuildConfiguration;
			baseConfigurationReference = 0469D5FDFA4377EBF6A51C3E /* Pods-Appointment LookupUITests.release.xcconfig */;
			buildSettings = {
				ALWAYS_EMBED_SWIFT_STANDARD_LIBRARIES = YES;
				CODE_SIGN_STYLE = Automatic;
				INFOPLIST_FILE = "Appointment LookupUITests/Info.plist";
				LD_RUNPATH_SEARCH_PATHS = "$(inherited) @executable_path/Frameworks @loader_path/Frameworks";
				PRODUCT_BUNDLE_IDENTIFIER = "com.nainesh.Appointment-LookupUITests";
				PRODUCT_NAME = "$(TARGET_NAME)";
				SWIFT_VERSION = 4.0;
				TARGETED_DEVICE_FAMILY = "1,2";
				TEST_TARGET_NAME = "Appointment Lookup";
			};
			name = Release;
		};
/* End XCBuildConfiguration section */

/* Begin XCConfigurationList section */
		3E808BD51FD2745B0079E83F /* Build configuration list for PBXProject "Appointment Lookup" */ = {
			isa = XCConfigurationList;
			buildConfigurations = (
				3E808C021FD2745B0079E83F /* Debug */,
				3E808C031FD2745B0079E83F /* Release */,
			);
			defaultConfigurationIsVisible = 0;
			defaultConfigurationName = Release;
		};
		3E808C041FD2745B0079E83F /* Build configuration list for PBXNativeTarget "Appointment Lookup" */ = {
			isa = XCConfigurationList;
			buildConfigurations = (
				3E808C051FD2745B0079E83F /* Debug */,
				3E808C061FD2745B0079E83F /* Release */,
			);
			defaultConfigurationIsVisible = 0;
			defaultConfigurationName = Release;
		};
		3E808C071FD2745B0079E83F /* Build configuration list for PBXNativeTarget "Appointment LookupTests" */ = {
			isa = XCConfigurationList;
			buildConfigurations = (
				3E808C081FD2745B0079E83F /* Debug */,
				3E808C091FD2745B0079E83F /* Release */,
			);
			defaultConfigurationIsVisible = 0;
			defaultConfigurationName = Release;
		};
		3E808C0A1FD2745B0079E83F /* Build configuration list for PBXNativeTarget "Appointment LookupUITests" */ = {
			isa = XCConfigurationList;
			buildConfigurations = (
				3E808C0B1FD2745B0079E83F /* Debug */,
				3E808C0C1FD2745B0079E83F /* Release */,
			);
			defaultConfigurationIsVisible = 0;
			defaultConfigurationName = Release;
		};
/* End XCConfigurationList section */
	};
	rootObject = 3E808BD21FD2745B0079E83F /* Project object */;
}
